
Microsoft Visual Studio Solution File, Format Version 12.00
# Visual Studio Version 16
VisualStudioVersion = 16.0.32106.194
MinimumVisualStudioVersion = 10.0.40219.1
Project("{9A19103F-16F7-4668-BE54-9A1E7A4F7556}") = "ServerApp v0.1", "ServerApp v0.1\ServerApp v0.1.csproj", "{BB3DCD60-B0A3-4B91-9E36-4ED38B7436FE}"
EndProject
Project("{9A19103F-16F7-4668-BE54-9A1E7A4F7556}") = "Bank Db Class Library", "..\Bank Class Library\Bank Db Class Library\Bank Db Class Library\Bank Db Class Library.csproj", "{3410F72B-6B3B-4E28-B481-0AE3629322B1}"
EndProject
Global
	GlobalSection(SolutionConfigurationPlatforms) = preSolution
		Debug|Any CPU = Debug|Any CPU
		Release|Any CPU = Release|Any CPU
	EndGlobalSection
	GlobalSection(ProjectConfigurationPlatforms) = postSolution
		{BB3DCD60-B0A3-4B91-9E36-4ED38B7436FE}.Debug|Any CPU.ActiveCfg = Debug|Any CPU
		{BB3DCD60-B0A3-4B91-9E36-4ED38B7436FE}.Debug|Any CPU.Build.0 = Debug|Any CPU
		{BB3DCD60-B0A3-4B91-9E36-4ED38B7436FE}.Release|Any CPU.ActiveCfg = Release|Any CPU
		{BB3DCD60-B0A3-4B91-9E36-4ED38B7436FE}.Release|Any CPU.Build.0 = Release|Any CPU
		{3410F72B-6B3B-4E28-B481-0AE3629322B1}.Debug|Any CPU.ActiveCfg = Debug|Any CPU
		{3410F72B-6B3B-4E28-B481-0AE3629322B1}.Debug|Any CPU.Build.0 = Debug|Any CPU
		{3410F72B-6B3B-4E28-B481-0AE3629322B1}.Release|Any CPU.ActiveCfg = Release|Any CPU
		{3410F72B-6B3B-4E28-B481-0AE3629322B1}.Release|Any CPU.Build.0 = Release|Any CPU
	EndGlobalSection
	GlobalSection(SolutionProperties) = preSolution
		HideSolutionNode = FALSE
	EndGlobalSection
	GlobalSection(ExtensibilityGlobals) = postSolution
		SolutionGuid = {D18F8A23-F13C-40AF-BBFE-2D7F13A845F2}
	EndGlobalSection
EndGlobal
